
Microsoft Visual Studio Solution File, Format Version 12.00
# Visual Studio Version 17
VisualStudioVersion = 17.3.32922.545
MinimumVisualStudioVersion = 10.0.40219.1
Project("{FAE04EC0-301F-11D3-BF4B-00C04F79EFBC}") = "TiAutoQaTest", "TiAutoQaTest.csproj", "{B5751CED-4B28-4609-A37A-86812693B4FF}"
EndProject
Global
	GlobalSection(SolutionConfigurationPlatforms) = preSolution
		Debug|Any CPU = Debug|Any CPU
		Release|Any CPU = Release|Any CPU
	EndGlobalSection
	GlobalSection(ProjectConfigurationPlatforms) = postSolution
		{B5751CED-4B28-4609-A37A-86812693B4FF}.Debug|Any CPU.ActiveCfg = Debug|Any CPU
		{B5751CED-4B28-4609-A37A-86812693B4FF}.Debug|Any CPU.Build.0 = Debug|Any CPU
		{B5751CED-4B28-4609-A37A-86812693B4FF}.Release|Any CPU.ActiveCfg = Release|Any CPU
		{B5751CED-4B28-4609-A37A-86812693B4FF}.Release|Any CPU.Build.0 = Release|Any CPU
	EndGlobalSection
	GlobalSection(SolutionProperties) = preSolution
		HideSolutionNode = FALSE
	EndGlobalSection
	GlobalSection(ExtensibilityGlobals) = postSolution
		SolutionGuid = {8614F2D1-6610-46CD-8FE0-1B4300B79A35}
	EndGlobalSection
EndGlobal
